# THIS IS AN AUTOGENERATED FILE. DO NOT EDIT THIS FILE DIRECTLY.
# yarn lockfile v1


dom-walk@^0.1.0:
  version "0.1.2"
  resolved "https://registry.yarnpkg.com/dom-walk/-/dom-walk-0.1.2.tgz#0c548bef048f4d1f2a97249002236060daa3fd84"
  integrity sha512-6QvTW9mrGeIegrFXdtQi9pk7O/nSK6lSdXW2eqUspN5LWD7UTji2Fqw5V2YLjBpHEoU9Xl/eUWNpDeZvoyOv2w==

global@^4.4.0:
  version "4.4.0"
  resolved "https://registry.yarnpkg.com/global/-/global-4.4.0.tgz#3e7b105179006a323ed71aafca3e9c57a5cc6406"
  integrity sha512-wv/LAoHdRE3BeTGz53FAamhGlPLhlssK45usmGFThIi4XqnBmjKQ16u+RNbP7WvigRZDxUsM0J3gcQ5yicaL0w==
  dependencies:
    min-document "^2.19.0"
    process "^0.11.10"

min-document@^2.19.0:
  version "2.19.0"
  resolved "https://registry.yarnpkg.com/min-document/-/min-document-2.19.0.tgz#7bd282e3f5842ed295bb748cdd9f1ffa2c824685"
  integrity sha1-e9KC4/WELtKVu3SM3Z8f+iyCRoU=
  dependencies:
    dom-walk "^0.1.0"

process@^0.11.10:
  version "0.11.10"
  resolved "https://registry.yarnpkg.com/process/-/process-0.11.10.tgz#7332300e840161bda3e69a1d1d91a7d4bc16f182"
  integrity sha1-czIwDoQBYb2j5podHZGn1LwW8YI=

proxy-compare@2.0.1:
  version "2.0.1"
  resolved "https://registry.yarnpkg.com/proxy-compare/-/proxy-compare-2.0.1.tgz#3ae19cf47f64e89bd60fe4f57afd124f733ef64f"
  integrity sha512-uXj3TtWdR1S2SNwJKbgJB+1FJm9HM3sFzlVc8W6PZvU6ogt9mlkb1WwZQpuKFLkDS6LKY4+FBE18K6ZArphnHA==

valtio@^1.1.0:
  version "1.1.0"
  resolved "https://registry.yarnpkg.com/valtio/-/valtio-1.1.0.tgz#6069ba7b5ae7e05a579e81ca678b4142dbd7e478"
  integrity sha512-CDRbi53VxMSB0oRJ4u/ueqrmHKkPxzRMif4Ew0SSqiyaDVvPnMULMPq+jmN3XXdLCmbQgh20Kt1G/YA48i5Kkg==
  dependencies:
    proxy-compare "2.0.1"
